// !$*UTF8*$!
{
	archiveVersion = 1;
	classes = {
	};
	objectVersion = 50;
	objects = {

/* Begin PBXBuildFile section */
		334151DF235E222E00CAE655 /* AppDelegate.swift in Sources */ = {isa = PBXBuildFile; fileRef = 334151DE235E222E00CAE655 /* AppDelegate.swift */; };
		334151E1235E222E00CAE655 /* SceneDelegate.swift in Sources */ = {isa = PBXBuildFile; fileRef = 334151E0235E222E00CAE655 /* SceneDelegate.swift */; };
		334151E3235E222E00CAE655 /* ViewController.swift in Sources */ = {isa = PBXBuildFile; fileRef = 334151E2235E222E00CAE655 /* ViewController.swift */; };
		334151E6235E222E00CAE655 /* Main.storyboard in Resources */ = {isa = PBXBuildFile; fileRef = 334151E4235E222E00CAE655 /* Main.storyboard */; };
		334151E8235E223000CAE655 /* Assets.xcassets in Resources */ = {isa = PBXBuildFile; fileRef = 334151E7235E223000CAE655 /* Assets.xcassets */; };
		334151EB235E223000CAE655 /* LaunchScreen.storyboard in Resources */ = {isa = PBXBuildFile; fileRef = 334151E9235E223000CAE655 /* LaunchScreen.storyboard */; };
		334151F3235E225C00CAE655 /* MainTabBarController.swift in Sources */ = {isa = PBXBuildFile; fileRef = 334151F2235E225C00CAE655 /* MainTabBarController.swift */; };
		33D8C3A12361088100A8A64A /* PodcastsSearchController.swift in Sources */ = {isa = PBXBuildFile; fileRef = 33D8C3A02361088100A8A64A /* PodcastsSearchController.swift */; };
		33D8C3A42361094100A8A64A /* Podcast.swift in Sources */ = {isa = PBXBuildFile; fileRef = 33D8C3A32361094100A8A64A /* Podcast.swift */; };
/* End PBXBuildFile section */

/* Begin PBXFileReference section */
		334151DB235E222E00CAE655 /* PodCast.app */ = {isa = PBXFileReference; explicitFileType = wrapper.application; includeInIndex = 0; path = PodCast.app; sourceTree = BUILT_PRODUCTS_DIR; };
		334151DE235E222E00CAE655 /* AppDelegate.swift */ = {isa = PBXFileReference; lastKnownFileType = sourcecode.swift; path = AppDelegate.swift; sourceTree = "<group>"; };
		334151E0235E222E00CAE655 /* SceneDelegate.swift */ = {isa = PBXFileReference; lastKnownFileType = sourcecode.swift; path = SceneDelegate.swift; sourceTree = "<group>"; };
		334151E2235E222E00CAE655 /* ViewController.swift */ = {isa = PBXFileReference; lastKnownFileType = sourcecode.swift; path = ViewController.swift; sourceTree = "<group>"; };
		334151E5235E222E00CAE655 /* Base */ = {isa = PBXFileReference; lastKnownFileType = file.storyboard; name = Base; path = Base.lproj/Main.storyboard; sourceTree = "<group>"; };
		334151E7235E223000CAE655 /* Assets.xcassets */ = {isa = PBXFileReference; lastKnownFileType = folder.assetcatalog; path = Assets.xcassets; sourceTree = "<group>"; };
		334151EA235E223000CAE655 /* Base */ = {isa = PBXFileReference; lastKnownFileType = file.storyboard; name = Base; path = Base.lproj/LaunchScreen.storyboard; sourceTree = "<group>"; };
		334151EC235E223000CAE655 /* Info.plist */ = {isa = PBXFileReference; lastKnownFileType = text.plist.xml; path = Info.plist; sourceTree = "<group>"; };
		334151F2235E225C00CAE655 /* MainTabBarController.swift */ = {isa = PBXFileReference; lastKnownFileType = sourcecode.swift; path = MainTabBarController.swift; sourceTree = "<group>"; };
		33D8C3A02361088100A8A64A /* PodcastsSearchController.swift */ = {isa = PBXFileReference; lastKnownFileType = sourcecode.swift; path = PodcastsSearchController.swift; sourceTree = "<group>"; };
		33D8C3A32361094100A8A64A /* Podcast.swift */ = {isa = PBXFileReference; lastKnownFileType = sourcecode.swift; path = Podcast.swift; sourceTree = "<group>"; };
/* End PBXFileReference section */

/* Begin PBXFrameworksBuildPhase section */
		334151D8235E222E00CAE655 /* Frameworks */ = {
			isa = PBXFrameworksBuildPhase;
			buildActionMask = 2147483647;
			files = (
			);
			runOnlyForDeploymentPostprocessing = 0;
		};
/* End PBXFrameworksBuildPhase section */

/* Begin PBXGroup section */
		334151D2235E222E00CAE655 = {
			isa = PBXGroup;
			children = (
				334151DD235E222E00CAE655 /* PodCast */,
				334151DC235E222E00CAE655 /* Products */,
			);
			sourceTree = "<group>";
		};
		334151DC235E222E00CAE655 /* Products */ = {
			isa = PBXGroup;
			children = (
				334151DB235E222E00CAE655 /* PodCast.app */,
			);
			name = Products;
			sourceTree = "<group>";
		};
		334151DD235E222E00CAE655 /* PodCast */ = {
			isa = PBXGroup;
			children = (
				33D8C3A22361092E00A8A64A /* Models */,
				33D8C39F2361085B00A8A64A /* Controllers */,
				334151DE235E222E00CAE655 /* AppDelegate.swift */,
				334151E0235E222E00CAE655 /* SceneDelegate.swift */,
				334151E2235E222E00CAE655 /* ViewController.swift */,
				334151F2235E225C00CAE655 /* MainTabBarController.swift */,
				334151E4235E222E00CAE655 /* Main.storyboard */,
				334151E7235E223000CAE655 /* Assets.xcassets */,
				334151E9235E223000CAE655 /* LaunchScreen.storyboard */,
				334151EC235E223000CAE655 /* Info.plist */,
			);
			path = PodCast;
			sourceTree = "<group>";
		};
		33D8C39F2361085B00A8A64A /* Controllers */ = {
			isa = PBXGroup;
			children = (
				33D8C3A02361088100A8A64A /* PodcastsSearchController.swift */,
			);
			path = Controllers;
			sourceTree = "<group>";
		};
		33D8C3A22361092E00A8A64A /* Models */ = {
			isa = PBXGroup;
			children = (
				33D8C3A32361094100A8A64A /* Podcast.swift */,
			);
			path = Models;
			sourceTree = "<group>";
		};
/* End PBXGroup section */

/* Begin PBXNativeTarget section */
		334151DA235E222E00CAE655 /* PodCast */ = {
			isa = PBXNativeTarget;
			buildConfigurationList = 334151EF235E223000CAE655 /* Build configuration list for PBXNativeTarget "PodCast" */;
			buildPhases = (
				334151D7235E222E00CAE655 /* Sources */,
				334151D8235E222E00CAE655 /* Frameworks */,
				334151D9235E222E00CAE655 /* Resources */,
			);
			buildRules = (
			);
			dependencies = (
			);
			name = PodCast;
			productName = PodCast;
			productReference = 334151DB235E222E00CAE655 /* PodCast.app */;
			productType = "com.apple.product-type.application";
		};
/* End PBXNativeTarget section */

/* Begin PBXProject section */
		334151D3235E222E00CAE655 /* Project object */ = {
			isa = PBXProject;
			attributes = {
				LastSwiftUpdateCheck = 1100;
				LastUpgradeCheck = 1100;
				ORGANIZATIONNAME = Sky;
				TargetAttributes = {
					334151DA235E222E00CAE655 = {
						CreatedOnToolsVersion = 11.0;
					};
				};
			};
			buildConfigurationList = 334151D6235E222E00CAE655 /* Build configuration list for PBXProject "PodCast" */;
			compatibilityVersion = "Xcode 9.3";
			developmentRegion = en;
			hasScannedForEncodings = 0;
			knownRegions = (
				en,
				Base,
			);
			mainGroup = 334151D2235E222E00CAE655;
			productRefGroup = 334151DC235E222E00CAE655 /* Products */;
			projectDirPath = "";
			projectRoot = "";
			targets = (
				334151DA235E222E00CAE655 /* PodCast */,
			);
		};
/* End PBXProject section */

/* Begin PBXResourcesBuildPhase section */
		334151D9235E222E00CAE655 /* Resources */ = {
			isa = PBXResourcesBuildPhase;
			buildActionMask = 2147483647;
			files = (
				334151EB235E223000CAE655 /* LaunchScreen.storyboard in Resources */,
				334151E8235E223000CAE655 /* Assets.xcassets in Resources */,
				334151E6235E222E00CAE655 /* Main.storyboard in Resources */,
			);
			runOnlyForDeploymentPostprocessing = 0;
		};
/* End PBXResourcesBuildPhase section */

/* Begin PBXSourcesBuildPhase section */
		334151D7235E222E00CAE655 /* Sources */ = {
			isa = PBXSourcesBuildPhase;
			buildActionMask = 2147483647;
			files = (
				334151E3235E222E00CAE655 /* ViewController.swift in Sources */,
				334151DF235E222E00CAE655 /* AppDelegate.swift in Sources */,
				33D8C3A42361094100A8A64A /* Podcast.swift in Sources */,
				334151F3235E225C00CAE655 /* MainTabBarController.swift in Sources */,
				33D8C3A12361088100A8A64A /* PodcastsSearchController.swift in Sources */,
				334151E1235E222E00CAE655 /* SceneDelegate.swift in Sources */,
			);
			runOnlyForDeploymentPostprocessing = 0;
		};
/* End PBXSourcesBuildPhase section */

/* Begin PBXVariantGroup section */
		334151E4235E222E00CAE655 /* Main.storyboard */ = {
			isa = PBXVariantGroup;
			children = (
				334151E5235E222E00CAE655 /* Base */,
			);
			name = Main.storyboard;
			sourceTree = "<group>";
		};
		334151E9235E223000CAE655 /* LaunchScreen.storyboard */ = {
			isa = PBXVariantGroup;
			children = (
				334151EA235E223000CAE655 /* Base */,
			);
			name = LaunchScreen.storyboard;
			sourceTree = "<group>";
		};
/* End PBXVariantGroup section */

/* Begin XCBuildConfiguration section */
		334151ED235E223000CAE655 /* Debug */ = {
			isa = XCBuildConfiguration;
			buildSettings = {
				ALWAYS_SEARCH_USER_PATHS = NO;
				CLANG_ANALYZER_NONNULL = YES;
				CLANG_ANALYZER_NUMBER_OBJECT_CONVERSION = YES_AGGRESSIVE;
				CLANG_CXX_LANGUAGE_STANDARD = "gnu++14";
				CLANG_CXX_LIBRARY = "libc++";
				CLANG_ENABLE_MODULES = YES;
				CLANG_ENABLE_OBJC_ARC = YES;
				CLANG_ENABLE_OBJC_WEAK = YES;
				CLANG_WARN_BLOCK_CAPTURE_AUTORELEASING = YES;
				CLANG_WARN_BOOL_CONVERSION = YES;
				CLANG_WARN_COMMA = YES;
				CLANG_WARN_CONSTANT_CONVERSION = YES;
				CLANG_WARN_DEPRECATED_OBJC_IMPLEMENTATIONS = YES;
				CLANG_WARN_DIRECT_OBJC_ISA_USAGE = YES_ERROR;
				CLANG_WARN_DOCUMENTATION_COMMENTS = YES;
				CLANG_WARN_EMPTY_BODY = YES;
				CLANG_WARN_ENUM_CONVERSION = YES;
				CLANG_WARN_INFINITE_RECURSION = YES;
				CLANG_WARN_INT_CONVERSION = YES;
				CLANG_WARN_NON_LITERAL_NULL_CONVERSION = YES;
				CLANG_WARN_OBJC_IMPLICIT_RETAIN_SELF = YES;
				CLANG_WARN_OBJC_LITERAL_CONVERSION = YES;
				CLANG_WARN_OBJC_ROOT_CLASS = YES_ERROR;
				CLANG_WARN_RANGE_LOOP_ANALYSIS = YES;
				CLANG_WARN_STRICT_PROTOTYPES = YES;
				CLANG_WARN_SUSPICIOUS_MOVE = YES;
				CLANG_WARN_UNGUARDED_AVAILABILITY = YES_AGGRESSIVE;
				CLANG_WARN_UNREACHABLE_CODE = YES;
				CLANG_WARN__DUPLICATE_METHOD_MATCH = YES;
				COPY_PHASE_STRIP = NO;
				DEBUG_INFORMATION_FORMAT = dwarf;
				ENABLE_STRICT_OBJC_MSGSEND = YES;
				ENABLE_TESTABILITY = YES;
				GCC_C_LANGUAGE_STANDARD = gnu11;
				GCC_DYNAMIC_NO_PIC = NO;
				GCC_NO_COMMON_BLOCKS = YES;
				GCC_OPTIMIZATION_LEVEL = 0;
				GCC_PREPROCESSOR_DEFINITIONS = (
					"DEBUG=1",
					"$(inherited)",
				);
				GCC_WARN_64_TO_32_BIT_CONVERSION = YES;
				GCC_WARN_ABOUT_RETURN_TYPE = YES_ERROR;
				GCC_WARN_UNDECLARED_SELECTOR = YES;
				GCC_WARN_UNINITIALIZED_AUTOS = YES_AGGRESSIVE;
				GCC_WARN_UNUSED_FUNCTION = YES;
				GCC_WARN_UNUSED_VARIABLE = YES;
				IPHONEOS_DEPLOYMENT_TARGET = 13.0;
				MTL_ENABLE_DEBUG_INFO = INCLUDE_SOURCE;
				MTL_FAST_MATH = YES;
				ONLY_ACTIVE_ARCH = YES;
				SDKROOT = iphoneos;
				SWIFT_ACTIVE_COMPILATION_CONDITIONS = DEBUG;
				SWIFT_OPTIMIZATION_LEVEL = "-Onone";
			};
			name = Debug;
		};
		334151EE235E223000CAE655 /* Release */ = {
			isa = XCBuildConfiguration;
			buildSettings = {
				ALWAYS_SEARCH_USER_PATHS = NO;
				CLANG_ANALYZER_NONNULL = YES;
				CLANG_ANALYZER_NUMBER_OBJECT_CONVERSION = YES_AGGRESSIVE;
				CLANG_CXX_LANGUAGE_STANDARD = "gnu++14";
				CLANG_CXX_LIBRARY = "libc++";
				CLANG_ENABLE_MODULES = YES;
				CLANG_ENABLE_OBJC_ARC = YES;
				CLANG_ENABLE_OBJC_WEAK = YES;
				CLANG_WARN_BLOCK_CAPTURE_AUTORELEASING = YES;
				CLANG_WARN_BOOL_CONVERSION = YES;
				CLANG_WARN_COMMA = YES;
				CLANG_WARN_CONSTANT_CONVERSION = YES;
				CLANG_WARN_DEPRECATED_OBJC_IMPLEMENTATIONS = YES;
				CLANG_WARN_DIRECT_OBJC_ISA_USAGE = YES_ERROR;
				CLANG_WARN_DOCUMENTATION_COMMENTS = YES;
				CLANG_WARN_EMPTY_BODY = YES;
				CLANG_WARN_ENUM_CONVERSION = YES;
				CLANG_WARN_INFINITE_RECURSION = YES;
				CLANG_WARN_INT_CONVERSION = YES;
				CLANG_WARN_NON_LITERAL_NULL_CONVERSION = YES;
				CLANG_WARN_OBJC_IMPLICIT_RETAIN_SELF = YES;
				CLANG_WARN_OBJC_LITERAL_CONVERSION = YES;
				CLANG_WARN_OBJC_ROOT_CLASS = YES_ERROR;
				CLANG_WARN_RANGE_LOOP_ANALYSIS = YES;
				CLANG_WARN_STRICT_PROTOTYPES = YES;
				CLANG_WARN_SUSPICIOUS_MOVE = YES;
				CLANG_WARN_UNGUARDED_AVAILABILITY = YES_AGGRESSIVE;
				CLANG_WARN_UNREACHABLE_CODE = YES;
				CLANG_WARN__DUPLICATE_METHOD_MATCH = YES;
				COPY_PHASE_STRIP = NO;
				DEBUG_INFORMATION_FORMAT = "dwarf-with-dsym";
				ENABLE_NS_ASSERTIONS = NO;
				ENABLE_STRICT_OBJC_MSGSEND = YES;
				GCC_C_LANGUAGE_STANDARD = gnu11;
				GCC_NO_COMMON_BLOCKS = YES;
				GCC_WARN_64_TO_32_BIT_CONVERSION = YES;
				GCC_WARN_ABOUT_RETURN_TYPE = YES_ERROR;
				GCC_WARN_UNDECLARED_SELECTOR = YES;
				GCC_WARN_UNINITIALIZED_AUTOS = YES_AGGRESSIVE;
				GCC_WARN_UNUSED_FUNCTION = YES;
				GCC_WARN_UNUSED_VARIABLE = YES;
				IPHONEOS_DEPLOYMENT_TARGET = 13.0;
				MTL_ENABLE_DEBUG_INFO = NO;
				MTL_FAST_MATH = YES;
				SDKROOT = iphoneos;
				SWIFT_COMPILATION_MODE = wholemodule;
				SWIFT_OPTIMIZATION_LEVEL = "-O";
				VALIDATE_PRODUCT = YES;
			};
			name = Release;
		};
		334151F0235E223000CAE655 /* Debug */ = {
			isa = XCBuildConfiguration;
			buildSettings = {
				ASSETCATALOG_COMPILER_APPICON_NAME = AppIcon;
				CODE_SIGN_STYLE = Automatic;
				DEVELOPMENT_TEAM = ML5C6ZYMKV;
				INFOPLIST_FILE = PodCast/Info.plist;
				LD_RUNPATH_SEARCH_PATHS = (
					"$(inherited)",
					"@executable_path/Frameworks",
				);
				PRODUCT_BUNDLE_IDENTIFIER = com.andy.PodCast;
				PRODUCT_NAME = "$(TARGET_NAME)";
				SWIFT_VERSION = 5.0;
				TARGETED_DEVICE_FAMILY = "1,2";
			};
			name = Debug;
		};
		334151F1235E223000CAE655 /* Release */ = {
			isa = XCBuildConfiguration;
			buildSettings = {
				ASSETCATALOG_COMPILER_APPICON_NAME = AppIcon;
				CODE_SIGN_STYLE = Automatic;
				DEVELOPMENT_TEAM = ML5C6ZYMKV;
				INFOPLIST_FILE = PodCast/Info.plist;
				LD_RUNPATH_SEARCH_PATHS = (
					"$(inherited)",
					"@executable_path/Frameworks",
				);
				PRODUCT_BUNDLE_IDENTIFIER = com.andy.PodCast;
				PRODUCT_NAME = "$(TARGET_NAME)";
				SWIFT_VERSION = 5.0;
				TARGETED_DEVICE_FAMILY = "1,2";
			};
			name = Release;
		};
/* End XCBuildConfiguration section */

/* Begin XCConfigurationList section */
		334151D6235E222E00CAE655 /* Build configuration list for PBXProject "PodCast" */ = {
			isa = XCConfigurationList;
			buildConfigurations = (
				334151ED235E223000CAE655 /* Debug */,
				334151EE235E223000CAE655 /* Release */,
			);
			defaultConfigurationIsVisible = 0;
			defaultConfigurationName = Release;
		};
		334151EF235E223000CAE655 /* Build configuration list for PBXNativeTarget "PodCast" */ = {
			isa = XCConfigurationList;
			buildConfigurations = (
				334151F0235E223000CAE655 /* Debug */,
				334151F1235E223000CAE655 /* Release */,
			);
			defaultConfigurationIsVisible = 0;
			defaultConfigurationName = Release;
		};
/* End XCConfigurationList section */
	};
	rootObject = 334151D3235E222E00CAE655 /* Project object */;
}
